
Microsoft Visual Studio Solution File, Format Version 12.00
Project("{FAE04EC0-301F-11D3-BF4B-00C04F79EFBC}") = "Tiba.TradeFinanceAcl.Application", "Tiba.TradeFinanceAcl.Application\Tiba.TradeFinanceAcl.Application.csproj", "{342B062A-20D0-4EEE-8ED9-4CAB2D9E3DC1}"
EndProject
Project("{FAE04EC0-301F-11D3-BF4B-00C04F79EFBC}") = "Tiba.TradeFinanceAcl.ApplicationTests", "Tiba.TradeFinanceAcl.ApplicationTests\Tiba.TradeFinanceAcl.ApplicationTests.csproj", "{8C5B01BA-C273-4797-B341-30862C22FE35}"
EndProject
Global
	GlobalSection(SolutionConfigurationPlatforms) = preSolution
		Debug|Any CPU = Debug|Any CPU
		Release|Any CPU = Release|Any CPU
	EndGlobalSection
	GlobalSection(ProjectConfigurationPlatforms) = postSolution
		{342B062A-20D0-4EEE-8ED9-4CAB2D9E3DC1}.Debug|Any CPU.ActiveCfg = Debug|Any CPU
		{342B062A-20D0-4EEE-8ED9-4CAB2D9E3DC1}.Debug|Any CPU.Build.0 = Debug|Any CPU
		{342B062A-20D0-4EEE-8ED9-4CAB2D9E3DC1}.Release|Any CPU.ActiveCfg = Release|Any CPU
		{342B062A-20D0-4EEE-8ED9-4CAB2D9E3DC1}.Release|Any CPU.Build.0 = Release|Any CPU
		{8C5B01BA-C273-4797-B341-30862C22FE35}.Debug|Any CPU.ActiveCfg = Debug|Any CPU
		{8C5B01BA-C273-4797-B341-30862C22FE35}.Debug|Any CPU.Build.0 = Debug|Any CPU
		{8C5B01BA-C273-4797-B341-30862C22FE35}.Release|Any CPU.ActiveCfg = Release|Any CPU
		{8C5B01BA-C273-4797-B341-30862C22FE35}.Release|Any CPU.Build.0 = Release|Any CPU
	EndGlobalSection
EndGlobal
